{
    "_readme": [
        "This file locks the dependencies of your project to a known state",
        "Read more about it at http://getcomposer.org/doc/01-basic-usage.md#composer-lock-the-lock-file",
        "This file is @generated automatically"
    ],
    "hash": "b7826678ccbb4d2191263432380ae813",
    "packages": [
        {
            "name": "event-centric/domain-events",
            "version": "dev-master",
            "source": {
                "type": "git",
                "url": "https://github.com/event-centric/domain-events.git",
                "reference": "3b62d77ec25634127974161514d3f78b764eaeee"
            },
            "dist": {
                "type": "zip",
                "url": "https://api.github.com/repos/event-centric/domain-events/zipball/3b62d77ec25634127974161514d3f78b764eaeee",
                "reference": "3b62d77ec25634127974161514d3f78b764eaeee",
                "shasum": ""
            },
            "type": "library",
            "autoload": {
                "psr-4": {
                    "EventCentric\\DomainEvents\\": [
                        "src/EventCentric/DomainEvents"
                    ]
                }
            },
            "notification-url": "https://packagist.org/downloads/",
            "license": [
                "MIT"
            ],
            "authors": [
                {
                    "name": "Mathias Verraes",
                    "email": "mathias@verraes.net",
                    "homepage": "http://verraes.net",
                    "role": "Developer of wrapped Money library"
                }
            ],
            "description": "Domain Events",
            "homepage": "https://github.com/event-centric/domain-events",
            "keywords": [
                "cqrs",
                "ddd",
                "domain-driven design",
                "event sourcing",
                "reactive"
            ],
            "time": "2014-06-05 16:07:33"
        },
        {
            "name": "event-centric/identity",
            "version": "dev-master",
            "source": {
                "type": "git",
                "url": "https://github.com/event-centric/identity.git",
                "reference": "eb2a981f71ee7b04b131f01f61fbab9bcc27bf89"
            },
            "dist": {
                "type": "zip",
                "url": "https://api.github.com/repos/event-centric/identity/zipball/eb2a981f71ee7b04b131f01f61fbab9bcc27bf89",
                "reference": "eb2a981f71ee7b04b131f01f61fbab9bcc27bf89",
                "shasum": ""
            },
            "type": "library",
            "autoload": {
                "psr-4": {
                    "EventCentric\\Identity\\": [
                        "src/EventCentric/Identity",
                        "tests/EventCentric/Identity"
                    ]
                }
            },
            "notification-url": "https://packagist.org/downloads/",
            "license": [
                "MIT"
            ],
            "authors": [
                {
                    "name": "Mathias Verraes",
                    "email": "mathias@verraes.net",
                    "homepage": "http://verraes.net",
                    "role": "Developer of wrapped Money library"
                }
            ],
            "description": "Identity",
            "homepage": "https://github.com/event-centric/identity",
            "keywords": [
                "cqrs",
                "ddd",
                "domain-driven design",
                "event sourcing",
                "reactive"
            ],
            "time": "2014-06-05 16:08:39"
        },
        {
            "name": "event-centric/when",
            "version": "dev-master",
            "source": {
                "type": "git",
                "url": "https://github.com/event-centric/when.git",
                "reference": "e439b4f7cf09d0a6586be3c74d884d0a57deda21"
            },
            "dist": {
                "type": "zip",
                "url": "https://api.github.com/repos/event-centric/when/zipball/e439b4f7cf09d0a6586be3c74d884d0a57deda21",
                "reference": "e439b4f7cf09d0a6586be3c74d884d0a57deda21",
                "shasum": ""
            },
            "require": {
                "event-centric/domain-events": "*",
                "mathiasverraes/classfunctions": "1.*"
            },
            "type": "library",
            "autoload": {
                "psr-4": {
                    "EventCentric\\When\\": [
                        "src/EventCentric/When",
                        "tests/EventCentric/When"
                    ]
                }
            },
            "notification-url": "https://packagist.org/downloads/",
            "license": [
                "MIT"
            ],
            "authors": [
                {
                    "name": "Mathias Verraes",
                    "email": "mathias@verraes.net",
                    "homepage": "http://verraes.net",
                    "role": "Developer of wrapped Money library"
                }
            ],
            "description": "Delegate Domain Events to event-specific methods",
            "homepage": "https://github.com/event-centric/when",
            "keywords": [
                "cqrs",
                "ddd",
                "domain-driven design",
                "event sourcing",
                "reactive"
            ],
            "time": "2014-06-05 16:10:43"
        },
        {
            "name": "mathiasverraes/classfunctions",
            "version": "dev-master",
            "source": {
                "type": "git",
                "url": "https://github.com/mathiasverraes/classfunctions.git",
                "reference": "5fd083b56b1336d10e39b841d6e6acc365337b92"
            },
            "dist": {
                "type": "zip",
                "url": "https://api.github.com/repos/mathiasverraes/classfunctions/zipball/5fd083b56b1336d10e39b841d6e6acc365337b92",
                "reference": "5fd083b56b1336d10e39b841d6e6acc365337b92",
                "shasum": ""
            },
            "require": {
                "php": ">=5.4"
            },
            "require-dev": {
                "phpunit/phpunit": "*"
            },
            "type": "library",
            "extra": {
                "branch-alias": {
                    "dev-master": "1.0-dev"
                }
            },
            "autoload": {
                "psr-0": {
                    "Verraes": "src"
                }
            },
            "notification-url": "https://packagist.org/downloads/",
            "license": [
                "MIT"
            ],
            "authors": [
                {
                    "name": "Mathias Verraes",
                    "email": "mathias@verraes.net",
                    "homepage": "http://verraes.net",
                    "role": "Developer"
                }
            ],
            "description": "Functions to manipulate class names",
            "homepage": "http://verraes.net",
            "keywords": [
                "classes",
                "utilities"
            ],
            "time": "2014-02-15 14:52:59"
        }
    ],
    "packages-dev": [

    ],
    "aliases": [

    ],
    "minimum-stability": "dev",
    "stability-flags": [

    ],
    "platform": {
        "php": "5.5.*"
    },
    "platform-dev": [

    ]
}
